// !$*UTF8*$!
{
	archiveVersion = 1;
	classes = {
	};
	objectVersion = 56;
	objects = {

/* Begin PBXBuildFile section */
		0425855E29C3F8500084E657 /* IntroductoryCell.swift in Sources */ = {isa = PBXBuildFile; fileRef = 0425855D29C3F8500084E657 /* IntroductoryCell.swift */; };
		044304632A00AACA00D0E7CE /* FacebookLogin in Frameworks */ = {isa = PBXBuildFile; productRef = 044304622A00AACA00D0E7CE /* FacebookLogin */; };
		044ABC7329AEEC030070B334 /* selectingDocument.swift in Sources */ = {isa = PBXBuildFile; fileRef = 044ABC7229AEEC030070B334 /* selectingDocument.swift */; };
		044ABC7529AEF2190070B334 /* DatePicker.swift in Sources */ = {isa = PBXBuildFile; fileRef = 044ABC7429AEF2190070B334 /* DatePicker.swift */; };
		044B1C9629F24DE1007FB9D0 /* JobApplicationStructure.swift in Sources */ = {isa = PBXBuildFile; fileRef = 044B1C9529F24DE1007FB9D0 /* JobApplicationStructure.swift */; };
		044B1C9829F26824007FB9D0 /* FinalJobSubmission.swift in Sources */ = {isa = PBXBuildFile; fileRef = 044B1C9729F26824007FB9D0 /* FinalJobSubmission.swift */; };
		044B1C9F29F3982F007FB9D0 /* ProfileData in Resources */ = {isa = PBXBuildFile; fileRef = 044B1C9E29F3982F007FB9D0 /* ProfileData */; };
		0454091B2A1B003200FC145E /* GoogleService-Info.plist in Resources */ = {isa = PBXBuildFile; fileRef = 0454091A2A1B003200FC145E /* GoogleService-Info.plist */; };
		0458E3EC29F8E5C5001CC83B /* TabBarController.swift in Sources */ = {isa = PBXBuildFile; fileRef = 0458E3EB29F8E5C5001CC83B /* TabBarController.swift */; };
		0458E3EF29F9F193001CC83B /* CreateAJobPostStructure.swift in Sources */ = {isa = PBXBuildFile; fileRef = 0458E3EE29F9F193001CC83B /* CreateAJobPostStructure.swift */; };
		0458E3F229FA0437001CC83B /* JobFirstPage.swift in Sources */ = {isa = PBXBuildFile; fileRef = 0458E3F129FA0437001CC83B /* JobFirstPage.swift */; };
		0460CA9D29D67118006BB93B /* detailedJobPageViewController.swift in Sources */ = {isa = PBXBuildFile; fileRef = 0460CA9C29D67118006BB93B /* detailedJobPageViewController.swift */; };
		0460CA9F29DBB16B006BB93B /* JobSpecifications.swift in Sources */ = {isa = PBXBuildFile; fileRef = 0460CA9E29DBB16B006BB93B /* JobSpecifications.swift */; };
		0460CAA129DBB993006BB93B /* DetailedJobDiscriptionDataProvider.swift in Sources */ = {isa = PBXBuildFile; fileRef = 0460CAA029DBB993006BB93B /* DetailedJobDiscriptionDataProvider.swift */; };
		047F55BE29C549CE00CAD8B7 /* NameAndAvtar.swift in Sources */ = {isa = PBXBuildFile; fileRef = 047F55BD29C549CE00CAD8B7 /* NameAndAvtar.swift */; };
		047F55C029C54C3B00CAD8B7 /* jobPageInitialViewController.swift in Sources */ = {isa = PBXBuildFile; fileRef = 047F55BF29C54C3B00CAD8B7 /* jobPageInitialViewController.swift */; };
		047F55C229C55F5200CAD8B7 /* jobPosting.swift in Sources */ = {isa = PBXBuildFile; fileRef = 047F55C129C55F5200CAD8B7 /* jobPosting.swift */; };
		047F55C429C567E700CAD8B7 /* JobDataProvider.swift in Sources */ = {isa = PBXBuildFile; fileRef = 047F55C329C567E700CAD8B7 /* JobDataProvider.swift */; };
		047F55C629C652B200CAD8B7 /* JobCell.swift in Sources */ = {isa = PBXBuildFile; fileRef = 047F55C529C652B200CAD8B7 /* JobCell.swift */; };
		047F55C829C6E55C00CAD8B7 /* NameAndAvatarData.swift in Sources */ = {isa = PBXBuildFile; fileRef = 047F55C729C6E55C00CAD8B7 /* NameAndAvatarData.swift */; };
		04904B44295E955700E8750B /* forgetPassViewcontroller.swift in Sources */ = {isa = PBXBuildFile; fileRef = 04904B43295E955700E8750B /* forgetPassViewcontroller.swift */; };
		049051AF296A752300FCF4E3 /* loginViewController.swift in Sources */ = {isa = PBXBuildFile; fileRef = 049051AE296A752300FCF4E3 /* loginViewController.swift */; };
		049051B1296A771400FCF4E3 /* createAccountViewController.swift in Sources */ = {isa = PBXBuildFile; fileRef = 049051B0296A771400FCF4E3 /* createAccountViewController.swift */; };
		0496FA1F2A0DF94A00D09319 /* GoogleSignIn in Frameworks */ = {isa = PBXBuildFile; productRef = 0496FA1E2A0DF94A00D09319 /* GoogleSignIn */; };
		04A9F9C829DE55FC005F387A /* SingleJobPage.swift in Sources */ = {isa = PBXBuildFile; fileRef = 04A9F9C729DE55FC005F387A /* SingleJobPage.swift */; };
		04AEF75E29A7278000076378 /* ImmigrationDocumentData.swift in Sources */ = {isa = PBXBuildFile; fileRef = 04AEF75D29A7278000076378 /* ImmigrationDocumentData.swift */; };
		04BE9CDA29567FEB0079FBA3 /* AppDelegate.swift in Sources */ = {isa = PBXBuildFile; fileRef = 04BE9CD929567FEB0079FBA3 /* AppDelegate.swift */; };
		04BE9CDC29567FEB0079FBA3 /* SceneDelegate.swift in Sources */ = {isa = PBXBuildFile; fileRef = 04BE9CDB29567FEB0079FBA3 /* SceneDelegate.swift */; };
		04BE9CDE29567FEB0079FBA3 /* ViewController.swift in Sources */ = {isa = PBXBuildFile; fileRef = 04BE9CDD29567FEB0079FBA3 /* ViewController.swift */; };
		04BE9CE129567FEB0079FBA3 /* Main.storyboard in Resources */ = {isa = PBXBuildFile; fileRef = 04BE9CDF29567FEB0079FBA3 /* Main.storyboard */; };
		04BE9CE329567FEC0079FBA3 /* Assets.xcassets in Resources */ = {isa = PBXBuildFile; fileRef = 04BE9CE229567FEC0079FBA3 /* Assets.xcassets */; };
		04BE9CE629567FEC0079FBA3 /* LaunchScreen.storyboard in Resources */ = {isa = PBXBuildFile; fileRef = 04BE9CE429567FEC0079FBA3 /* LaunchScreen.storyboard */; };
		04D91D192A00B47C00AD4E0D /* FacebookLoginTest.swift in Sources */ = {isa = PBXBuildFile; fileRef = 04D91D182A00B47C00AD4E0D /* FacebookLoginTest.swift */; };
		04DD743729E7C1AC0044CF13 /* ApplyingToJobViewElements.swift in Sources */ = {isa = PBXBuildFile; fileRef = 04DD743629E7C1AC0044CF13 /* ApplyingToJobViewElements.swift */; };
		7A01250229FA4AC60029458A /* provinceSelectedByUser.swift in Sources */ = {isa = PBXBuildFile; fileRef = 7A01250129FA4AC60029458A /* provinceSelectedByUser.swift */; };
		7A01250429FAFB9F0029458A /* MarketPlaceSelectionVC.swift in Sources */ = {isa = PBXBuildFile; fileRef = 7A01250329FAFB9F0029458A /* MarketPlaceSelectionVC.swift */; };
		7A13BB3C297F9B1100BA8A0C /* HealthCareViewController.swift in Sources */ = {isa = PBXBuildFile; fileRef = 7A13BB3B297F9B1100BA8A0C /* HealthCareViewController.swift */; };
		7A51291C29F380EB001D532C /* MenuVC.swift in Sources */ = {isa = PBXBuildFile; fileRef = 7A51291B29F380EB001D532C /* MenuVC.swift */; };
		7A51291E29F3A326001D532C /* ChatVC.swift in Sources */ = {isa = PBXBuildFile; fileRef = 7A51291D29F3A326001D532C /* ChatVC.swift */; };
		7A51292029F3AF97001D532C /* Message.swift in Sources */ = {isa = PBXBuildFile; fileRef = 7A51291F29F3AF97001D532C /* Message.swift */; };
		7A60BF5F298A13F8008FF92D /* SelectProvincePicker.swift in Sources */ = {isa = PBXBuildFile; fileRef = 7A60BF5E298A13F8008FF92D /* SelectProvincePicker.swift */; };
		7A9CAC2D29DBC87900643E9F /* MarketPlaceVC.swift in Sources */ = {isa = PBXBuildFile; fileRef = 7A9CAC2C29DBC87900643E9F /* MarketPlaceVC.swift */; };
		7A9CAC3029DBC9FC00643E9F /* MarketPlaceHeaderReusableView.swift in Sources */ = {isa = PBXBuildFile; fileRef = 7A9CAC2F29DBC9FC00643E9F /* MarketPlaceHeaderReusableView.swift */; };
		7A9CAC3229DE796100643E9F /* MarketPlaceTopView.swift in Sources */ = {isa = PBXBuildFile; fileRef = 7A9CAC3129DE796100643E9F /* MarketPlaceTopView.swift */; };
		7A9CAC3429DE7A9600643E9F /* MarketPlaceCVData.swift in Sources */ = {isa = PBXBuildFile; fileRef = 7A9CAC3329DE7A9600643E9F /* MarketPlaceCVData.swift */; };
		7A9CAC3629DE7E0500643E9F /* MarketPlaceCell.swift in Sources */ = {isa = PBXBuildFile; fileRef = 7A9CAC3529DE7E0500643E9F /* MarketPlaceCell.swift */; };
		7A9CAC3929DE886200643E9F /* MarketPlaceDataProvider.swift in Sources */ = {isa = PBXBuildFile; fileRef = 7A9CAC3829DE886200643E9F /* MarketPlaceDataProvider.swift */; };
		7AB8C96A2992068C00C751C4 /* PageViewController.swift in Sources */ = {isa = PBXBuildFile; fileRef = 7AB8C9692992068C00C751C4 /* PageViewController.swift */; };
		7AB8C96C2992093700C751C4 /* tutorialHandler.swift in Sources */ = {isa = PBXBuildFile; fileRef = 7AB8C96B2992093700C751C4 /* tutorialHandler.swift */; };
		7AF42A5629EA729900E3CA31 /* ListingData.swift in Sources */ = {isa = PBXBuildFile; fileRef = 7AF42A5529EA729900E3CA31 /* ListingData.swift */; };
		7AF99B9629E6978A00B7692A /* CreateListingVC.swift in Sources */ = {isa = PBXBuildFile; fileRef = 7AF99B9529E6978A00B7692A /* CreateListingVC.swift */; };
		7AF99B9829E922B200B7692A /* AddImageCell.swift in Sources */ = {isa = PBXBuildFile; fileRef = 7AF99B9729E922B200B7692A /* AddImageCell.swift */; };
		7AFDF4F629A7234700D6DCB9 /* ProfileVC.swift in Sources */ = {isa = PBXBuildFile; fileRef = 7AFDF4F529A7234700D6DCB9 /* ProfileVC.swift */; };
		7AFDF4F829A8693E00D6DCB9 /* ManageProfileVC.swift in Sources */ = {isa = PBXBuildFile; fileRef = 7AFDF4F729A8693E00D6DCB9 /* ManageProfileVC.swift */; };
		FB0648F929E6576D00F5CA21 /* tvc.swift in Sources */ = {isa = PBXBuildFile; fileRef = FB0648F829E6576D00F5CA21 /* tvc.swift */; };
		FB06490029EE118600F5CA21 /* ImageCell.swift in Sources */ = {isa = PBXBuildFile; fileRef = FB0648FF29EE118600F5CA21 /* ImageCell.swift */; };
		FB09DD7329F3420B00BCB2DD /* AuthenticationViewModel.swift in Sources */ = {isa = PBXBuildFile; fileRef = FB09DD7229F3420B00BCB2DD /* AuthenticationViewModel.swift */; };
		FB669E45298CC8290029FF07 /* customizedViewForTutorials.swift in Sources */ = {isa = PBXBuildFile; fileRef = FB669E44298CC8290029FF07 /* customizedViewForTutorials.swift */; };
		FB721F9F29BAF10300EEA377 /* DataProvider.swift in Sources */ = {isa = PBXBuildFile; fileRef = FB721F9E29BAF10300EEA377 /* DataProvider.swift */; };
		FB721FA129BAF18D00EEA377 /* FriendsViewController.swift in Sources */ = {isa = PBXBuildFile; fileRef = FB721FA029BAF18D00EEA377 /* FriendsViewController.swift */; };
		FB721FA329BAF21200EEA377 /* User.swift in Sources */ = {isa = PBXBuildFile; fileRef = FB721FA229BAF21200EEA377 /* User.swift */; };
		FB721FA529BAF24A00EEA377 /* FriendCell.swift in Sources */ = {isa = PBXBuildFile; fileRef = FB721FA429BAF24A00EEA377 /* FriendCell.swift */; };
		FB8DB7B829EF8F9A008B4DCC /* SDWebImage in Frameworks */ = {isa = PBXBuildFile; productRef = FB8DB7B729EF8F9A008B4DCC /* SDWebImage */; };
		FB8DB7BA29EF8F9A008B4DCC /* SDWebImageMapKit in Frameworks */ = {isa = PBXBuildFile; productRef = FB8DB7B929EF8F9A008B4DCC /* SDWebImageMapKit */; };
		FB9A4A7829EF5A09004E76A5 /* FirebaseAnalytics in Frameworks */ = {isa = PBXBuildFile; productRef = FB9A4A7729EF5A09004E76A5 /* FirebaseAnalytics */; };
		FB9A4A7A29EF5A09004E76A5 /* FirebaseAnalyticsSwift in Frameworks */ = {isa = PBXBuildFile; productRef = FB9A4A7929EF5A09004E76A5 /* FirebaseAnalyticsSwift */; };
		FB9A4A7C29EF5A09004E76A5 /* FirebaseFirestore in Frameworks */ = {isa = PBXBuildFile; productRef = FB9A4A7B29EF5A09004E76A5 /* FirebaseFirestore */; };
		FB9A4A7F29EF5A87004E76A5 /* FirebaseAuth in Frameworks */ = {isa = PBXBuildFile; productRef = FB9A4A7E29EF5A87004E76A5 /* FirebaseAuth */; };
		FB9A4A8329EF5BCF004E76A5 /* MessageChat.swift in Sources */ = {isa = PBXBuildFile; fileRef = FB9A4A8229EF5BCF004E76A5 /* MessageChat.swift */; };
		FB9A4A8529EF5BDC004E76A5 /* Chat.swift in Sources */ = {isa = PBXBuildFile; fileRef = FB9A4A8429EF5BDC004E76A5 /* Chat.swift */; };
		FB9A4A8729EF5C3C004E76A5 /* ChatViewController.swift in Sources */ = {isa = PBXBuildFile; fileRef = FB9A4A8629EF5C3C004E76A5 /* ChatViewController.swift */; };
		FB9A4A8A29EF5D39004E76A5 /* ChatUser.swift in Sources */ = {isa = PBXBuildFile; fileRef = FB9A4A8929EF5D39004E76A5 /* ChatUser.swift */; };
		FB9A4A8D29EF696E004E76A5 /* MessageKit in Frameworks */ = {isa = PBXBuildFile; productRef = FB9A4A8C29EF696E004E76A5 /* MessageKit */; };
		FBEE0FFC29F89F4200581935 /* SellHouse.swift in Sources */ = {isa = PBXBuildFile; fileRef = FBEE0FFB29F89F4200581935 /* SellHouse.swift */; };
		FBEE0FFE29F8A0C000581935 /* AddImagesHousing.swift in Sources */ = {isa = PBXBuildFile; fileRef = FBEE0FFD29F8A0C000581935 /* AddImagesHousing.swift */; };
		FBF25F1529DBB82000E111B9 /* HousingCell.swift in Sources */ = {isa = PBXBuildFile; fileRef = FBF25F1229DBB82000E111B9 /* HousingCell.swift */; };
		FBF25F1729DBB82000E111B9 /* IntroductoryHousingCell.swift in Sources */ = {isa = PBXBuildFile; fileRef = FBF25F1429DBB82000E111B9 /* IntroductoryHousingCell.swift */; };
		FBF25F1929DBB85A00E111B9 /* HousingData.swift in Sources */ = {isa = PBXBuildFile; fileRef = FBF25F1829DBB85A00E111B9 /* HousingData.swift */; };
		FBF25F1B29DBB86E00E111B9 /* HouseUser.swift in Sources */ = {isa = PBXBuildFile; fileRef = FBF25F1A29DBB86E00E111B9 /* HouseUser.swift */; };
		FBF25F1D29DBB8C700E111B9 /* HousingViewController.swift in Sources */ = {isa = PBXBuildFile; fileRef = FBF25F1C29DBB8C700E111B9 /* HousingViewController.swift */; };
/* End PBXBuildFile section */

/* Begin PBXFileReference section */
		0425855D29C3F8500084E657 /* IntroductoryCell.swift */ = {isa = PBXFileReference; lastKnownFileType = sourcecode.swift; path = IntroductoryCell.swift; sourceTree = "<group>"; };
		044ABC7229AEEC030070B334 /* selectingDocument.swift */ = {isa = PBXFileReference; lastKnownFileType = sourcecode.swift; path = selectingDocument.swift; sourceTree = "<group>"; };
		044ABC7429AEF2190070B334 /* DatePicker.swift */ = {isa = PBXFileReference; lastKnownFileType = sourcecode.swift; path = DatePicker.swift; sourceTree = "<group>"; };
		044B1C9529F24DE1007FB9D0 /* JobApplicationStructure.swift */ = {isa = PBXFileReference; lastKnownFileType = sourcecode.swift; path = JobApplicationStructure.swift; sourceTree = "<group>"; };
		044B1C9729F26824007FB9D0 /* FinalJobSubmission.swift */ = {isa = PBXFileReference; lastKnownFileType = sourcecode.swift; path = FinalJobSubmission.swift; sourceTree = "<group>"; };
		044B1C9E29F3982F007FB9D0 /* ProfileData */ = {isa = PBXFileReference; lastKnownFileType = folder; path = ProfileData; sourceTree = "<group>"; };
		0454091A2A1B003200FC145E /* GoogleService-Info.plist */ = {isa = PBXFileReference; fileEncoding = 4; lastKnownFileType = text.plist.xml; path = "GoogleService-Info.plist"; sourceTree = "<group>"; };
		0458E3EB29F8E5C5001CC83B /* TabBarController.swift */ = {isa = PBXFileReference; lastKnownFileType = sourcecode.swift; path = TabBarController.swift; sourceTree = "<group>"; };
		0458E3EE29F9F193001CC83B /* CreateAJobPostStructure.swift */ = {isa = PBXFileReference; lastKnownFileType = sourcecode.swift; path = CreateAJobPostStructure.swift; sourceTree = "<group>"; };
		0458E3F129FA0437001CC83B /* JobFirstPage.swift */ = {isa = PBXFileReference; lastKnownFileType = sourcecode.swift; path = JobFirstPage.swift; sourceTree = "<group>"; };
		0460CA9C29D67118006BB93B /* detailedJobPageViewController.swift */ = {isa = PBXFileReference; lastKnownFileType = sourcecode.swift; path = detailedJobPageViewController.swift; sourceTree = "<group>"; };
		0460CA9E29DBB16B006BB93B /* JobSpecifications.swift */ = {isa = PBXFileReference; lastKnownFileType = sourcecode.swift; path = JobSpecifications.swift; sourceTree = "<group>"; };
		0460CAA029DBB993006BB93B /* DetailedJobDiscriptionDataProvider.swift */ = {isa = PBXFileReference; lastKnownFileType = sourcecode.swift; path = DetailedJobDiscriptionDataProvider.swift; sourceTree = "<group>"; };
		047F55BD29C549CE00CAD8B7 /* NameAndAvtar.swift */ = {isa = PBXFileReference; lastKnownFileType = sourcecode.swift; path = NameAndAvtar.swift; sourceTree = "<group>"; };
		047F55BF29C54C3B00CAD8B7 /* jobPageInitialViewController.swift */ = {isa = PBXFileReference; lastKnownFileType = sourcecode.swift; path = jobPageInitialViewController.swift; sourceTree = "<group>"; };
		047F55C129C55F5200CAD8B7 /* jobPosting.swift */ = {isa = PBXFileReference; lastKnownFileType = sourcecode.swift; path = jobPosting.swift; sourceTree = "<group>"; };
		047F55C329C567E700CAD8B7 /* JobDataProvider.swift */ = {isa = PBXFileReference; lastKnownFileType = sourcecode.swift; path = JobDataProvider.swift; sourceTree = "<group>"; };
		047F55C529C652B200CAD8B7 /* JobCell.swift */ = {isa = PBXFileReference; lastKnownFileType = sourcecode.swift; path = JobCell.swift; sourceTree = "<group>"; };
		047F55C729C6E55C00CAD8B7 /* NameAndAvatarData.swift */ = {isa = PBXFileReference; lastKnownFileType = sourcecode.swift; path = NameAndAvatarData.swift; sourceTree = "<group>"; };
		04904B43295E955700E8750B /* forgetPassViewcontroller.swift */ = {isa = PBXFileReference; lastKnownFileType = sourcecode.swift; path = forgetPassViewcontroller.swift; sourceTree = "<group>"; };
		049051AE296A752300FCF4E3 /* loginViewController.swift */ = {isa = PBXFileReference; lastKnownFileType = sourcecode.swift; path = loginViewController.swift; sourceTree = "<group>"; };
		049051B0296A771400FCF4E3 /* createAccountViewController.swift */ = {isa = PBXFileReference; lastKnownFileType = sourcecode.swift; path = createAccountViewController.swift; sourceTree = "<group>"; };
		04A9F9C729DE55FC005F387A /* SingleJobPage.swift */ = {isa = PBXFileReference; lastKnownFileType = sourcecode.swift; path = SingleJobPage.swift; sourceTree = "<group>"; };
		04AEF75D29A7278000076378 /* ImmigrationDocumentData.swift */ = {isa = PBXFileReference; lastKnownFileType = sourcecode.swift; path = ImmigrationDocumentData.swift; sourceTree = "<group>"; };
		04BE9CD629567FEB0079FBA3 /* ImmiCan.app */ = {isa = PBXFileReference; explicitFileType = wrapper.application; includeInIndex = 0; path = ImmiCan.app; sourceTree = BUILT_PRODUCTS_DIR; };
		04BE9CD929567FEB0079FBA3 /* AppDelegate.swift */ = {isa = PBXFileReference; lastKnownFileType = sourcecode.swift; path = AppDelegate.swift; sourceTree = "<group>"; };
		04BE9CDB29567FEB0079FBA3 /* SceneDelegate.swift */ = {isa = PBXFileReference; lastKnownFileType = sourcecode.swift; path = SceneDelegate.swift; sourceTree = "<group>"; };
		04BE9CDD29567FEB0079FBA3 /* ViewController.swift */ = {isa = PBXFileReference; lastKnownFileType = sourcecode.swift; path = ViewController.swift; sourceTree = "<group>"; };
		04BE9CE029567FEB0079FBA3 /* Base */ = {isa = PBXFileReference; lastKnownFileType = file.storyboard; name = Base; path = Base.lproj/Main.storyboard; sourceTree = "<group>"; };
		04BE9CE229567FEC0079FBA3 /* Assets.xcassets */ = {isa = PBXFileReference; lastKnownFileType = folder.assetcatalog; path = Assets.xcassets; sourceTree = "<group>"; };
		04BE9CE529567FEC0079FBA3 /* Base */ = {isa = PBXFileReference; lastKnownFileType = file.storyboard; name = Base; path = Base.lproj/LaunchScreen.storyboard; sourceTree = "<group>"; };
		04BE9CE729567FEC0079FBA3 /* Info.plist */ = {isa = PBXFileReference; lastKnownFileType = text.plist.xml; path = Info.plist; sourceTree = "<group>"; };
		04D91D182A00B47C00AD4E0D /* FacebookLoginTest.swift */ = {isa = PBXFileReference; lastKnownFileType = sourcecode.swift; path = FacebookLoginTest.swift; sourceTree = "<group>"; };
		04DD743629E7C1AC0044CF13 /* ApplyingToJobViewElements.swift */ = {isa = PBXFileReference; lastKnownFileType = sourcecode.swift; path = ApplyingToJobViewElements.swift; sourceTree = "<group>"; };
		04DD743B29ED0A0E0044CF13 /* ImmiCan.entitlements */ = {isa = PBXFileReference; lastKnownFileType = text.plist.entitlements; path = ImmiCan.entitlements; sourceTree = "<group>"; };
		7A01250129FA4AC60029458A /* provinceSelectedByUser.swift */ = {isa = PBXFileReference; lastKnownFileType = sourcecode.swift; path = provinceSelectedByUser.swift; sourceTree = "<group>"; };
		7A01250329FAFB9F0029458A /* MarketPlaceSelectionVC.swift */ = {isa = PBXFileReference; lastKnownFileType = sourcecode.swift; path = MarketPlaceSelectionVC.swift; sourceTree = "<group>"; };
		7A13BB3B297F9B1100BA8A0C /* HealthCareViewController.swift */ = {isa = PBXFileReference; lastKnownFileType = sourcecode.swift; path = HealthCareViewController.swift; sourceTree = "<group>"; };
		7A51291B29F380EB001D532C /* MenuVC.swift */ = {isa = PBXFileReference; lastKnownFileType = sourcecode.swift; path = MenuVC.swift; sourceTree = "<group>"; };
		7A51291D29F3A326001D532C /* ChatVC.swift */ = {isa = PBXFileReference; lastKnownFileType = sourcecode.swift; path = ChatVC.swift; sourceTree = "<group>"; };
		7A51291F29F3AF97001D532C /* Message.swift */ = {isa = PBXFileReference; lastKnownFileType = sourcecode.swift; path = Message.swift; sourceTree = "<group>"; };
		7A60BF5E298A13F8008FF92D /* SelectProvincePicker.swift */ = {isa = PBXFileReference; lastKnownFileType = sourcecode.swift; path = SelectProvincePicker.swift; sourceTree = "<group>"; };
		7A9CAC2C29DBC87900643E9F /* MarketPlaceVC.swift */ = {isa = PBXFileReference; lastKnownFileType = sourcecode.swift; path = MarketPlaceVC.swift; sourceTree = "<group>"; };
		7A9CAC2F29DBC9FC00643E9F /* MarketPlaceHeaderReusableView.swift */ = {isa = PBXFileReference; lastKnownFileType = sourcecode.swift; path = MarketPlaceHeaderReusableView.swift; sourceTree = "<group>"; };
		7A9CAC3129DE796100643E9F /* MarketPlaceTopView.swift */ = {isa = PBXFileReference; lastKnownFileType = sourcecode.swift; path = MarketPlaceTopView.swift; sourceTree = "<group>"; };
		7A9CAC3329DE7A9600643E9F /* MarketPlaceCVData.swift */ = {isa = PBXFileReference; lastKnownFileType = sourcecode.swift; path = MarketPlaceCVData.swift; sourceTree = "<group>"; };
		7A9CAC3529DE7E0500643E9F /* MarketPlaceCell.swift */ = {isa = PBXFileReference; lastKnownFileType = sourcecode.swift; path = MarketPlaceCell.swift; sourceTree = "<group>"; };
		7A9CAC3829DE886200643E9F /* MarketPlaceDataProvider.swift */ = {isa = PBXFileReference; lastKnownFileType = sourcecode.swift; path = MarketPlaceDataProvider.swift; sourceTree = "<group>"; };
		7AB8C9692992068C00C751C4 /* PageViewController.swift */ = {isa = PBXFileReference; lastKnownFileType = sourcecode.swift; path = PageViewController.swift; sourceTree = "<group>"; };
		7AB8C96B2992093700C751C4 /* tutorialHandler.swift */ = {isa = PBXFileReference; lastKnownFileType = sourcecode.swift; path = tutorialHandler.swift; sourceTree = "<group>"; };
		7AF42A5529EA729900E3CA31 /* ListingData.swift */ = {isa = PBXFileReference; lastKnownFileType = sourcecode.swift; path = ListingData.swift; sourceTree = "<group>"; };
		7AF99B9529E6978A00B7692A /* CreateListingVC.swift */ = {isa = PBXFileReference; lastKnownFileType = sourcecode.swift; path = CreateListingVC.swift; sourceTree = "<group>"; };
		7AF99B9729E922B200B7692A /* AddImageCell.swift */ = {isa = PBXFileReference; lastKnownFileType = sourcecode.swift; path = AddImageCell.swift; sourceTree = "<group>"; };
		7AFDF4F529A7234700D6DCB9 /* ProfileVC.swift */ = {isa = PBXFileReference; lastKnownFileType = sourcecode.swift; path = ProfileVC.swift; sourceTree = "<group>"; };
		7AFDF4F729A8693E00D6DCB9 /* ManageProfileVC.swift */ = {isa = PBXFileReference; lastKnownFileType = sourcecode.swift; path = ManageProfileVC.swift; sourceTree = "<group>"; };
		FB0648F829E6576D00F5CA21 /* tvc.swift */ = {isa = PBXFileReference; lastKnownFileType = sourcecode.swift; path = tvc.swift; sourceTree = "<group>"; };
		FB0648FF29EE118600F5CA21 /* ImageCell.swift */ = {isa = PBXFileReference; lastKnownFileType = sourcecode.swift; path = ImageCell.swift; sourceTree = "<group>"; };
		FB09DD7229F3420B00BCB2DD /* AuthenticationViewModel.swift */ = {isa = PBXFileReference; lastKnownFileType = sourcecode.swift; path = AuthenticationViewModel.swift; sourceTree = "<group>"; };
		FB669E44298CC8290029FF07 /* customizedViewForTutorials.swift */ = {isa = PBXFileReference; lastKnownFileType = sourcecode.swift; path = customizedViewForTutorials.swift; sourceTree = "<group>"; };
		FB721F9E29BAF10300EEA377 /* DataProvider.swift */ = {isa = PBXFileReference; lastKnownFileType = sourcecode.swift; path = DataProvider.swift; sourceTree = "<group>"; };
		FB721FA029BAF18D00EEA377 /* FriendsViewController.swift */ = {isa = PBXFileReference; lastKnownFileType = sourcecode.swift; path = FriendsViewController.swift; sourceTree = "<group>"; };
		FB721FA229BAF21200EEA377 /* User.swift */ = {isa = PBXFileReference; lastKnownFileType = sourcecode.swift; path = User.swift; sourceTree = "<group>"; };
		FB721FA429BAF24A00EEA377 /* FriendCell.swift */ = {isa = PBXFileReference; lastKnownFileType = sourcecode.swift; path = FriendCell.swift; sourceTree = "<group>"; };
		FB9A4A8229EF5BCF004E76A5 /* MessageChat.swift */ = {isa = PBXFileReference; lastKnownFileType = sourcecode.swift; path = MessageChat.swift; sourceTree = "<group>"; };
		FB9A4A8429EF5BDC004E76A5 /* Chat.swift */ = {isa = PBXFileReference; lastKnownFileType = sourcecode.swift; path = Chat.swift; sourceTree = "<group>"; };
		FB9A4A8629EF5C3C004E76A5 /* ChatViewController.swift */ = {isa = PBXFileReference; lastKnownFileType = sourcecode.swift; path = ChatViewController.swift; sourceTree = "<group>"; };
		FB9A4A8929EF5D39004E76A5 /* ChatUser.swift */ = {isa = PBXFileReference; lastKnownFileType = sourcecode.swift; path = ChatUser.swift; sourceTree = "<group>"; };
		FBEE0FFB29F89F4200581935 /* SellHouse.swift */ = {isa = PBXFileReference; lastKnownFileType = sourcecode.swift; path = SellHouse.swift; sourceTree = "<group>"; };
		FBEE0FFD29F8A0C000581935 /* AddImagesHousing.swift */ = {isa = PBXFileReference; lastKnownFileType = sourcecode.swift; path = AddImagesHousing.swift; sourceTree = "<group>"; };
		FBF25F1229DBB82000E111B9 /* HousingCell.swift */ = {isa = PBXFileReference; fileEncoding = 4; lastKnownFileType = sourcecode.swift; path = HousingCell.swift; sourceTree = "<group>"; };
		FBF25F1429DBB82000E111B9 /* IntroductoryHousingCell.swift */ = {isa = PBXFileReference; fileEncoding = 4; lastKnownFileType = sourcecode.swift; path = IntroductoryHousingCell.swift; sourceTree = "<group>"; };
		FBF25F1829DBB85A00E111B9 /* HousingData.swift */ = {isa = PBXFileReference; fileEncoding = 4; lastKnownFileType = sourcecode.swift; path = HousingData.swift; sourceTree = "<group>"; };
		FBF25F1A29DBB86E00E111B9 /* HouseUser.swift */ = {isa = PBXFileReference; fileEncoding = 4; lastKnownFileType = sourcecode.swift; path = HouseUser.swift; sourceTree = "<group>"; };
		FBF25F1C29DBB8C700E111B9 /* HousingViewController.swift */ = {isa = PBXFileReference; fileEncoding = 4; lastKnownFileType = sourcecode.swift; path = HousingViewController.swift; sourceTree = "<group>"; };
/* End PBXFileReference section */

/* Begin PBXFrameworksBuildPhase section */
		04BE9CD329567FEB0079FBA3 /* Frameworks */ = {
			isa = PBXFrameworksBuildPhase;
			buildActionMask = 2147483647;
			files = (
				044304632A00AACA00D0E7CE /* FacebookLogin in Frameworks */,
				FB8DB7B829EF8F9A008B4DCC /* SDWebImage in Frameworks */,
				FB9A4A7A29EF5A09004E76A5 /* FirebaseAnalyticsSwift in Frameworks */,
				FB9A4A7829EF5A09004E76A5 /* FirebaseAnalytics in Frameworks */,
				FB9A4A7C29EF5A09004E76A5 /* FirebaseFirestore in Frameworks */,
				FB9A4A7F29EF5A87004E76A5 /* FirebaseAuth in Frameworks */,
				FB8DB7BA29EF8F9A008B4DCC /* SDWebImageMapKit in Frameworks */,
				FB9A4A8D29EF696E004E76A5 /* MessageKit in Frameworks */,
				0496FA1F2A0DF94A00D09319 /* GoogleSignIn in Frameworks */,
			);
			runOnlyForDeploymentPostprocessing = 0;
		};
/* End PBXFrameworksBuildPhase section */

/* Begin PBXGroup section */
		0425855C29C3F8320084E657 /* jobPage */ = {
			isa = PBXGroup;
			children = (
				0425855D29C3F8500084E657 /* IntroductoryCell.swift */,
				047F55BD29C549CE00CAD8B7 /* NameAndAvtar.swift */,
				047F55BF29C54C3B00CAD8B7 /* jobPageInitialViewController.swift */,
				047F55C129C55F5200CAD8B7 /* jobPosting.swift */,
				047F55C529C652B200CAD8B7 /* JobCell.swift */,
				047F55C329C567E700CAD8B7 /* JobDataProvider.swift */,
				047F55C729C6E55C00CAD8B7 /* NameAndAvatarData.swift */,
			);
			path = jobPage;
			sourceTree = "<group>";
		};
		044B1C9929F26834007FB9D0 /* FinalJobSubmissionPage */ = {
			isa = PBXGroup;
			children = (
				044B1C9729F26824007FB9D0 /* FinalJobSubmission.swift */,
			);
			path = FinalJobSubmissionPage;
			sourceTree = "<group>";
		};
		0458E3ED29F9F161001CC83B /* CreatingAJobPost */ = {
			isa = PBXGroup;
			children = (
				0458E3EE29F9F193001CC83B /* CreateAJobPostStructure.swift */,
				0458E3F129FA0437001CC83B /* JobFirstPage.swift */,
			);
			path = CreatingAJobPost;
			sourceTree = "<group>";
		};
		0460CA9B29D5336E006BB93B /* JobApplicationDetailedPage */ = {
			isa = PBXGroup;
			children = (
				0460CA9C29D67118006BB93B /* detailedJobPageViewController.swift */,
				0460CA9E29DBB16B006BB93B /* JobSpecifications.swift */,
				04A9F9C729DE55FC005F387A /* SingleJobPage.swift */,
				0460CAA029DBB993006BB93B /* DetailedJobDiscriptionDataProvider.swift */,
			);
			path = JobApplicationDetailedPage;
			sourceTree = "<group>";
		};
		04AEF75C29A7276200076378 /* Data */ = {
			isa = PBXGroup;
			children = (
				FBF25F1A29DBB86E00E111B9 /* HouseUser.swift */,
				FBF25F1829DBB85A00E111B9 /* HousingData.swift */,
				04AEF75D29A7278000076378 /* ImmigrationDocumentData.swift */,
				7A9CAC3129DE796100643E9F /* MarketPlaceTopView.swift */,
				7A9CAC3329DE7A9600643E9F /* MarketPlaceCVData.swift */,
				7A9CAC3829DE886200643E9F /* MarketPlaceDataProvider.swift */,
				7AF42A5529EA729900E3CA31 /* ListingData.swift */,
			);
			path = Data;
			sourceTree = "<group>";
		};
		04BE9CCD29567FEB0079FBA3 = {
			isa = PBXGroup;
			children = (
				7A01250029FA4A480029458A /* PickerSelection */,
				04D91D182A00B47C00AD4E0D /* FacebookLoginTest.swift */,
				0458E3ED29F9F161001CC83B /* CreatingAJobPost */,
				0458E3EB29F8E5C5001CC83B /* TabBarController.swift */,
				FBEE0FFA29F89F1000581935 /* SellHousing */,
				FB0648FC29EE103E00F5CA21 /* Chat  */,
				FBF25F1E29DBB8DB00E111B9 /* DetailedHousingCell */,
				04BE9CD829567FEB0079FBA3 /* ImmiCan */,
				04BE9CD729567FEB0079FBA3 /* Products */,
				FB9A4A7D29EF5A87004E76A5 /* Frameworks */,
			);
			sourceTree = "<group>";
		};
		04BE9CD729567FEB0079FBA3 /* Products */ = {
			isa = PBXGroup;
			children = (
				04BE9CD629567FEB0079FBA3 /* ImmiCan.app */,
			);
			name = Products;
			sourceTree = "<group>";
		};
		04BE9CD829567FEB0079FBA3 /* ImmiCan */ = {
			isa = PBXGroup;
			children = (
				04DD743B29ED0A0E0044CF13 /* ImmiCan.entitlements */,
				044B1C9E29F3982F007FB9D0 /* ProfileData */,
				044B1C9929F26834007FB9D0 /* FinalJobSubmissionPage */,
				04DD743329E7BE540044CF13 /* ApplyingToJob */,
				0460CA9B29D5336E006BB93B /* JobApplicationDetailedPage */,
				0425855C29C3F8320084E657 /* jobPage */,
				7A9CAC2E29DBC9EC00643E9F /* MarketPlace */,
				04AEF75C29A7276200076378 /* Data */,
				FB721F9D29BAF09C00EEA377 /* Friends */,
				FB669E44298CC8290029FF07 /* customizedViewForTutorials.swift */,
				7A01250329FAFB9F0029458A /* MarketPlaceSelectionVC.swift */,
				04BE9CD929567FEB0079FBA3 /* AppDelegate.swift */,
				04BE9CDB29567FEB0079FBA3 /* SceneDelegate.swift */,
				04BE9CDD29567FEB0079FBA3 /* ViewController.swift */,
				04BE9CDF29567FEB0079FBA3 /* Main.storyboard */,
				7A13BB3B297F9B1100BA8A0C /* HealthCareViewController.swift */,
				049051B0296A771400FCF4E3 /* createAccountViewController.swift */,
				049051AE296A752300FCF4E3 /* loginViewController.swift */,
				04BE9CE229567FEC0079FBA3 /* Assets.xcassets */,
				04BE9CE429567FEC0079FBA3 /* LaunchScreen.storyboard */,
				0454091A2A1B003200FC145E /* GoogleService-Info.plist */,
				04BE9CE729567FEC0079FBA3 /* Info.plist */,
				04904B43295E955700E8750B /* forgetPassViewcontroller.swift */,
				7AB8C9692992068C00C751C4 /* PageViewController.swift */,
				7AB8C96B2992093700C751C4 /* tutorialHandler.swift */,
				044ABC7229AEEC030070B334 /* selectingDocument.swift */,
				044ABC7429AEF2190070B334 /* DatePicker.swift */,
				7AFDF4F529A7234700D6DCB9 /* ProfileVC.swift */,
				7AFDF4F729A8693E00D6DCB9 /* ManageProfileVC.swift */,
				7A9CAC2C29DBC87900643E9F /* MarketPlaceVC.swift */,
				7AF99B9529E6978A00B7692A /* CreateListingVC.swift */,
				7AF99B9729E922B200B7692A /* AddImageCell.swift */,
				7A51291B29F380EB001D532C /* MenuVC.swift */,
				7A51291D29F3A326001D532C /* ChatVC.swift */,
				7A51291F29F3AF97001D532C /* Message.swift */,
			);
			path = ImmiCan;
			sourceTree = "<group>";
		};
		04DD743329E7BE540044CF13 /* ApplyingToJob */ = {
			isa = PBXGroup;
			children = (
				04DD743629E7C1AC0044CF13 /* ApplyingToJobViewElements.swift */,
				044B1C9529F24DE1007FB9D0 /* JobApplicationStructure.swift */,
			);
			path = ApplyingToJob;
			sourceTree = "<group>";
		};
		7A01250029FA4A480029458A /* PickerSelection */ = {
			isa = PBXGroup;
			children = (
				7A60BF5E298A13F8008FF92D /* SelectProvincePicker.swift */,
				7A01250129FA4AC60029458A /* provinceSelectedByUser.swift */,
			);
			path = PickerSelection;
			sourceTree = "<group>";
		};
		7A9CAC2E29DBC9EC00643E9F /* MarketPlace */ = {
			isa = PBXGroup;
			children = (
				7A9CAC2F29DBC9FC00643E9F /* MarketPlaceHeaderReusableView.swift */,
				7A9CAC3529DE7E0500643E9F /* MarketPlaceCell.swift */,
			);
			path = MarketPlace;
			sourceTree = "<group>";
		};
		FB0648FC29EE103E00F5CA21 /* Chat  */ = {
			isa = PBXGroup;
			children = (
				FB9A4A8229EF5BCF004E76A5 /* MessageChat.swift */,
				FB9A4A8429EF5BDC004E76A5 /* Chat.swift */,
				FB9A4A8629EF5C3C004E76A5 /* ChatViewController.swift */,
				FB9A4A8929EF5D39004E76A5 /* ChatUser.swift */,
				FB09DD7229F3420B00BCB2DD /* AuthenticationViewModel.swift */,
			);
			path = "Chat ";
			sourceTree = "<group>";
		};
		FB721F9D29BAF09C00EEA377 /* Friends */ = {
			isa = PBXGroup;
			children = (
				FB721F9E29BAF10300EEA377 /* DataProvider.swift */,
				FB721FA029BAF18D00EEA377 /* FriendsViewController.swift */,
				FB721FA229BAF21200EEA377 /* User.swift */,
				FB721FA429BAF24A00EEA377 /* FriendCell.swift */,
			);
			path = Friends;
			sourceTree = "<group>";
		};
		FB9A4A7D29EF5A87004E76A5 /* Frameworks */ = {
			isa = PBXGroup;
			children = (
			);
			name = Frameworks;
			sourceTree = "<group>";
		};
		FBEE0FFA29F89F1000581935 /* SellHousing */ = {
			isa = PBXGroup;
			children = (
				FBEE0FFB29F89F4200581935 /* SellHouse.swift */,
				FBEE0FFD29F8A0C000581935 /* AddImagesHousing.swift */,
			);
			path = SellHousing;
			sourceTree = "<group>";
		};
		FBF25F1129DBB82000E111B9 /* Cell */ = {
			isa = PBXGroup;
			children = (
				FBF25F1C29DBB8C700E111B9 /* HousingViewController.swift */,
				FBF25F1229DBB82000E111B9 /* HousingCell.swift */,
				FBF25F1429DBB82000E111B9 /* IntroductoryHousingCell.swift */,
			);
			path = Cell;
			sourceTree = "<group>";
		};
		FBF25F1E29DBB8DB00E111B9 /* DetailedHousingCell */ = {
			isa = PBXGroup;
			children = (
				FB0648FF29EE118600F5CA21 /* ImageCell.swift */,
				FB0648F829E6576D00F5CA21 /* tvc.swift */,
				FBF25F1129DBB82000E111B9 /* Cell */,
			);
			path = DetailedHousingCell;
			sourceTree = "<group>";
		};
/* End PBXGroup section */

/* Begin PBXNativeTarget section */
		04BE9CD529567FEB0079FBA3 /* ImmiCan */ = {
			isa = PBXNativeTarget;
			buildConfigurationList = 04BE9CEA29567FEC0079FBA3 /* Build configuration list for PBXNativeTarget "ImmiCan" */;
			buildPhases = (
				04BE9CD229567FEB0079FBA3 /* Sources */,
				04BE9CD329567FEB0079FBA3 /* Frameworks */,
				04BE9CD429567FEB0079FBA3 /* Resources */,
			);
			buildRules = (
			);
			dependencies = (
			);
			name = ImmiCan;
			packageProductDependencies = (
				FB9A4A7729EF5A09004E76A5 /* FirebaseAnalytics */,
				FB9A4A7929EF5A09004E76A5 /* FirebaseAnalyticsSwift */,
				FB9A4A7B29EF5A09004E76A5 /* FirebaseFirestore */,
				FB9A4A7E29EF5A87004E76A5 /* FirebaseAuth */,
				FB9A4A8C29EF696E004E76A5 /* MessageKit */,
				FB8DB7B729EF8F9A008B4DCC /* SDWebImage */,
				FB8DB7B929EF8F9A008B4DCC /* SDWebImageMapKit */,
				044304622A00AACA00D0E7CE /* FacebookLogin */,
				0496FA1E2A0DF94A00D09319 /* GoogleSignIn */,
			);
			productName = ImmiCan;
			productReference = 04BE9CD629567FEB0079FBA3 /* ImmiCan.app */;
			productType = "com.apple.product-type.application";
		};
/* End PBXNativeTarget section */

/* Begin PBXProject section */
		04BE9CCE29567FEB0079FBA3 /* Project object */ = {
			isa = PBXProject;
			attributes = {
				BuildIndependentTargetsInParallel = 1;
				LastSwiftUpdateCheck = 1400;
				LastUpgradeCheck = 1400;
				TargetAttributes = {
					04BE9CD529567FEB0079FBA3 = {
						CreatedOnToolsVersion = 14.0.1;
					};
				};
			};
			buildConfigurationList = 04BE9CD129567FEB0079FBA3 /* Build configuration list for PBXProject "ImmiCan" */;
			compatibilityVersion = "Xcode 14.0";
			developmentRegion = en;
			hasScannedForEncodings = 0;
			knownRegions = (
				en,
				Base,
			);
			mainGroup = 04BE9CCD29567FEB0079FBA3;
			packageReferences = (
				FB9A4A7629EF5A09004E76A5 /* XCRemoteSwiftPackageReference "firebase-ios-sdk" */,
				FB9A4A8B29EF696E004E76A5 /* XCRemoteSwiftPackageReference "MessageKit" */,
				FB8DB7B629EF8F9A008B4DCC /* XCRemoteSwiftPackageReference "SDWebImage" */,
				044304612A00AACA00D0E7CE /* XCRemoteSwiftPackageReference "facebook-ios-sdk" */,
				0496FA1D2A0DF94A00D09319 /* XCRemoteSwiftPackageReference "GoogleSignIn-iOS" */,
			);
			productRefGroup = 04BE9CD729567FEB0079FBA3 /* Products */;
			projectDirPath = "";
			projectRoot = "";
			targets = (
				04BE9CD529567FEB0079FBA3 /* ImmiCan */,
			);
		};
/* End PBXProject section */

/* Begin PBXResourcesBuildPhase section */
		04BE9CD429567FEB0079FBA3 /* Resources */ = {
			isa = PBXResourcesBuildPhase;
			buildActionMask = 2147483647;
			files = (
				04BE9CE629567FEC0079FBA3 /* LaunchScreen.storyboard in Resources */,
				04BE9CE329567FEC0079FBA3 /* Assets.xcassets in Resources */,
				0454091B2A1B003200FC145E /* GoogleService-Info.plist in Resources */,
				044B1C9F29F3982F007FB9D0 /* ProfileData in Resources */,
				04BE9CE129567FEB0079FBA3 /* Main.storyboard in Resources */,
			);
			runOnlyForDeploymentPostprocessing = 0;
		};
/* End PBXResourcesBuildPhase section */

/* Begin PBXSourcesBuildPhase section */
		04BE9CD229567FEB0079FBA3 /* Sources */ = {
			isa = PBXSourcesBuildPhase;
			buildActionMask = 2147483647;
			files = (
				FB721FA529BAF24A00EEA377 /* FriendCell.swift in Sources */,
				FB0648F929E6576D00F5CA21 /* tvc.swift in Sources */,
				FB669E45298CC8290029FF07 /* customizedViewForTutorials.swift in Sources */,
				049051B1296A771400FCF4E3 /* createAccountViewController.swift in Sources */,
				FB09DD7329F3420B00BCB2DD /* AuthenticationViewModel.swift in Sources */,
				0458E3EF29F9F193001CC83B /* CreateAJobPostStructure.swift in Sources */,
				FB9A4A8A29EF5D39004E76A5 /* ChatUser.swift in Sources */,
				FB9A4A8329EF5BCF004E76A5 /* MessageChat.swift in Sources */,
				04AEF75E29A7278000076378 /* ImmigrationDocumentData.swift in Sources */,
				047F55C229C55F5200CAD8B7 /* jobPosting.swift in Sources */,
				0458E3EC29F8E5C5001CC83B /* TabBarController.swift in Sources */,
				047F55C629C652B200CAD8B7 /* JobCell.swift in Sources */,
				7A9CAC3229DE796100643E9F /* MarketPlaceTopView.swift in Sources */,
				FB06490029EE118600F5CA21 /* ImageCell.swift in Sources */,
				044ABC7329AEEC030070B334 /* selectingDocument.swift in Sources */,
				FBEE0FFE29F8A0C000581935 /* AddImagesHousing.swift in Sources */,
				7A9CAC3429DE7A9600643E9F /* MarketPlaceCVData.swift in Sources */,
				7AF42A5629EA729900E3CA31 /* ListingData.swift in Sources */,
				7A9CAC3629DE7E0500643E9F /* MarketPlaceCell.swift in Sources */,
				04BE9CDE29567FEB0079FBA3 /* ViewController.swift in Sources */,
				04A9F9C829DE55FC005F387A /* SingleJobPage.swift in Sources */,
				7A01250429FAFB9F0029458A /* MarketPlaceSelectionVC.swift in Sources */,
				044ABC7529AEF2190070B334 /* DatePicker.swift in Sources */,
				FBF25F1B29DBB86E00E111B9 /* HouseUser.swift in Sources */,
				7AFDF4F629A7234700D6DCB9 /* ProfileVC.swift in Sources */,
				FB9A4A8529EF5BDC004E76A5 /* Chat.swift in Sources */,
				FBF25F1729DBB82000E111B9 /* IntroductoryHousingCell.swift in Sources */,
				FBF25F1D29DBB8C700E111B9 /* HousingViewController.swift in Sources */,
				FBF25F1529DBB82000E111B9 /* HousingCell.swift in Sources */,
				04BE9CDA29567FEB0079FBA3 /* AppDelegate.swift in Sources */,
				7A51292029F3AF97001D532C /* Message.swift in Sources */,
				7A13BB3C297F9B1100BA8A0C /* HealthCareViewController.swift in Sources */,
				7AF99B9829E922B200B7692A /* AddImageCell.swift in Sources */,
				7A01250229FA4AC60029458A /* provinceSelectedByUser.swift in Sources */,
				7A9CAC2D29DBC87900643E9F /* MarketPlaceVC.swift in Sources */,
				7A60BF5F298A13F8008FF92D /* SelectProvincePicker.swift in Sources */,
				FB721FA329BAF21200EEA377 /* User.swift in Sources */,
				044B1C9829F26824007FB9D0 /* FinalJobSubmission.swift in Sources */,
				FBEE0FFC29F89F4200581935 /* SellHouse.swift in Sources */,
				04D91D192A00B47C00AD4E0D /* FacebookLoginTest.swift in Sources */,
				FB721F9F29BAF10300EEA377 /* DataProvider.swift in Sources */,
				7A51291E29F3A326001D532C /* ChatVC.swift in Sources */,
				04904B44295E955700E8750B /* forgetPassViewcontroller.swift in Sources */,
				047F55C829C6E55C00CAD8B7 /* NameAndAvatarData.swift in Sources */,
				0460CA9F29DBB16B006BB93B /* JobSpecifications.swift in Sources */,
				7AF99B9629E6978A00B7692A /* CreateListingVC.swift in Sources */,
				7A9CAC3029DBC9FC00643E9F /* MarketPlaceHeaderReusableView.swift in Sources */,
				7A9CAC3929DE886200643E9F /* MarketPlaceDataProvider.swift in Sources */,
				04BE9CDC29567FEB0079FBA3 /* SceneDelegate.swift in Sources */,
				7AB8C96A2992068C00C751C4 /* PageViewController.swift in Sources */,
				0460CAA129DBB993006BB93B /* DetailedJobDiscriptionDataProvider.swift in Sources */,
				FBF25F1929DBB85A00E111B9 /* HousingData.swift in Sources */,
				7AFDF4F829A8693E00D6DCB9 /* ManageProfileVC.swift in Sources */,
				0460CA9D29D67118006BB93B /* detailedJobPageViewController.swift in Sources */,
				0458E3F229FA0437001CC83B /* JobFirstPage.swift in Sources */,
				047F55C429C567E700CAD8B7 /* JobDataProvider.swift in Sources */,
				FB721FA129BAF18D00EEA377 /* FriendsViewController.swift in Sources */,
				049051AF296A752300FCF4E3 /* loginViewController.swift in Sources */,
				04DD743729E7C1AC0044CF13 /* ApplyingToJobViewElements.swift in Sources */,
				FB9A4A8729EF5C3C004E76A5 /* ChatViewController.swift in Sources */,
				7AB8C96C2992093700C751C4 /* tutorialHandler.swift in Sources */,
				047F55BE29C549CE00CAD8B7 /* NameAndAvtar.swift in Sources */,
				047F55C029C54C3B00CAD8B7 /* jobPageInitialViewController.swift in Sources */,
				044B1C9629F24DE1007FB9D0 /* JobApplicationStructure.swift in Sources */,
				0425855E29C3F8500084E657 /* IntroductoryCell.swift in Sources */,
				7A51291C29F380EB001D532C /* MenuVC.swift in Sources */,
			);
			runOnlyForDeploymentPostprocessing = 0;
		};
/* End PBXSourcesBuildPhase section */

/* Begin PBXVariantGroup section */
		04BE9CDF29567FEB0079FBA3 /* Main.storyboard */ = {
			isa = PBXVariantGroup;
			children = (
				04BE9CE029567FEB0079FBA3 /* Base */,
			);
			name = Main.storyboard;
			sourceTree = "<group>";
		};
		04BE9CE429567FEC0079FBA3 /* LaunchScreen.storyboard */ = {
			isa = PBXVariantGroup;
			children = (
				04BE9CE529567FEC0079FBA3 /* Base */,
			);
			name = LaunchScreen.storyboard;
			sourceTree = "<group>";
		};
/* End PBXVariantGroup section */

/* Begin XCBuildConfiguration section */
		04BE9CE829567FEC0079FBA3 /* Debug */ = {
			isa = XCBuildConfiguration;
			buildSettings = {
				ALWAYS_SEARCH_USER_PATHS = NO;
				CLANG_ANALYZER_NONNULL = YES;
				CLANG_ANALYZER_NUMBER_OBJECT_CONVERSION = YES_AGGRESSIVE;
				CLANG_CXX_LANGUAGE_STANDARD = "gnu++20";
				CLANG_ENABLE_MODULES = YES;
				CLANG_ENABLE_OBJC_ARC = YES;
				CLANG_ENABLE_OBJC_WEAK = YES;
				CLANG_WARN_BLOCK_CAPTURE_AUTORELEASING = YES;
				CLANG_WARN_BOOL_CONVERSION = YES;
				CLANG_WARN_COMMA = YES;
				CLANG_WARN_CONSTANT_CONVERSION = YES;
				CLANG_WARN_DEPRECATED_OBJC_IMPLEMENTATIONS = YES;
				CLANG_WARN_DIRECT_OBJC_ISA_USAGE = YES_ERROR;
				CLANG_WARN_DOCUMENTATION_COMMENTS = YES;
				CLANG_WARN_EMPTY_BODY = YES;
				CLANG_WARN_ENUM_CONVERSION = YES;
				CLANG_WARN_INFINITE_RECURSION = YES;
				CLANG_WARN_INT_CONVERSION = YES;
				CLANG_WARN_NON_LITERAL_NULL_CONVERSION = YES;
				CLANG_WARN_OBJC_IMPLICIT_RETAIN_SELF = YES;
				CLANG_WARN_OBJC_LITERAL_CONVERSION = YES;
				CLANG_WARN_OBJC_ROOT_CLASS = YES_ERROR;
				CLANG_WARN_QUOTED_INCLUDE_IN_FRAMEWORK_HEADER = YES;
				CLANG_WARN_RANGE_LOOP_ANALYSIS = YES;
				CLANG_WARN_STRICT_PROTOTYPES = YES;
				CLANG_WARN_SUSPICIOUS_MOVE = YES;
				CLANG_WARN_UNGUARDED_AVAILABILITY = YES_AGGRESSIVE;
				CLANG_WARN_UNREACHABLE_CODE = YES;
				CLANG_WARN__DUPLICATE_METHOD_MATCH = YES;
				COPY_PHASE_STRIP = NO;
				DEBUG_INFORMATION_FORMAT = dwarf;
				ENABLE_STRICT_OBJC_MSGSEND = YES;
				ENABLE_TESTABILITY = YES;
				GCC_C_LANGUAGE_STANDARD = gnu11;
				GCC_DYNAMIC_NO_PIC = NO;
				GCC_NO_COMMON_BLOCKS = YES;
				GCC_OPTIMIZATION_LEVEL = 0;
				GCC_PREPROCESSOR_DEFINITIONS = (
					"DEBUG=1",
					"$(inherited)",
				);
				GCC_WARN_64_TO_32_BIT_CONVERSION = YES;
				GCC_WARN_ABOUT_RETURN_TYPE = YES_ERROR;
				GCC_WARN_UNDECLARED_SELECTOR = YES;
				GCC_WARN_UNINITIALIZED_AUTOS = YES_AGGRESSIVE;
				GCC_WARN_UNUSED_FUNCTION = YES;
				GCC_WARN_UNUSED_VARIABLE = YES;
				IPHONEOS_DEPLOYMENT_TARGET = 16.0;
				MTL_ENABLE_DEBUG_INFO = INCLUDE_SOURCE;
				MTL_FAST_MATH = YES;
				ONLY_ACTIVE_ARCH = YES;
				SDKROOT = iphoneos;
				SWIFT_ACTIVE_COMPILATION_CONDITIONS = DEBUG;
				SWIFT_OPTIMIZATION_LEVEL = "-Onone";
			};
			name = Debug;
		};
		04BE9CE929567FEC0079FBA3 /* Release */ = {
			isa = XCBuildConfiguration;
			buildSettings = {
				ALWAYS_SEARCH_USER_PATHS = NO;
				CLANG_ANALYZER_NONNULL = YES;
				CLANG_ANALYZER_NUMBER_OBJECT_CONVERSION = YES_AGGRESSIVE;
				CLANG_CXX_LANGUAGE_STANDARD = "gnu++20";
				CLANG_ENABLE_MODULES = YES;
				CLANG_ENABLE_OBJC_ARC = YES;
				CLANG_ENABLE_OBJC_WEAK = YES;
				CLANG_WARN_BLOCK_CAPTURE_AUTORELEASING = YES;
				CLANG_WARN_BOOL_CONVERSION = YES;
				CLANG_WARN_COMMA = YES;
				CLANG_WARN_CONSTANT_CONVERSION = YES;
				CLANG_WARN_DEPRECATED_OBJC_IMPLEMENTATIONS = YES;
				CLANG_WARN_DIRECT_OBJC_ISA_USAGE = YES_ERROR;
				CLANG_WARN_DOCUMENTATION_COMMENTS = YES;
				CLANG_WARN_EMPTY_BODY = YES;
				CLANG_WARN_ENUM_CONVERSION = YES;
				CLANG_WARN_INFINITE_RECURSION = YES;
				CLANG_WARN_INT_CONVERSION = YES;
				CLANG_WARN_NON_LITERAL_NULL_CONVERSION = YES;
				CLANG_WARN_OBJC_IMPLICIT_RETAIN_SELF = YES;
				CLANG_WARN_OBJC_LITERAL_CONVERSION = YES;
				CLANG_WARN_OBJC_ROOT_CLASS = YES_ERROR;
				CLANG_WARN_QUOTED_INCLUDE_IN_FRAMEWORK_HEADER = YES;
				CLANG_WARN_RANGE_LOOP_ANALYSIS = YES;
				CLANG_WARN_STRICT_PROTOTYPES = YES;
				CLANG_WARN_SUSPICIOUS_MOVE = YES;
				CLANG_WARN_UNGUARDED_AVAILABILITY = YES_AGGRESSIVE;
				CLANG_WARN_UNREACHABLE_CODE = YES;
				CLANG_WARN__DUPLICATE_METHOD_MATCH = YES;
				COPY_PHASE_STRIP = NO;
				DEBUG_INFORMATION_FORMAT = "dwarf-with-dsym";
				ENABLE_NS_ASSERTIONS = NO;
				ENABLE_STRICT_OBJC_MSGSEND = YES;
				GCC_C_LANGUAGE_STANDARD = gnu11;
				GCC_NO_COMMON_BLOCKS = YES;
				GCC_WARN_64_TO_32_BIT_CONVERSION = YES;
				GCC_WARN_ABOUT_RETURN_TYPE = YES_ERROR;
				GCC_WARN_UNDECLARED_SELECTOR = YES;
				GCC_WARN_UNINITIALIZED_AUTOS = YES_AGGRESSIVE;
				GCC_WARN_UNUSED_FUNCTION = YES;
				GCC_WARN_UNUSED_VARIABLE = YES;
				IPHONEOS_DEPLOYMENT_TARGET = 16.0;
				MTL_ENABLE_DEBUG_INFO = NO;
				MTL_FAST_MATH = YES;
				SDKROOT = iphoneos;
				SWIFT_COMPILATION_MODE = wholemodule;
				SWIFT_OPTIMIZATION_LEVEL = "-O";
				VALIDATE_PRODUCT = YES;
			};
			name = Release;
		};
		04BE9CEB29567FEC0079FBA3 /* Debug */ = {
			isa = XCBuildConfiguration;
			buildSettings = {
				ASSETCATALOG_COMPILER_APPICON_NAME = AppIcon;
				ASSETCATALOG_COMPILER_GLOBAL_ACCENT_COLOR_NAME = AccentColor;
				CODE_SIGN_ENTITLEMENTS = ImmiCan/ImmiCan.entitlements;
				CODE_SIGN_STYLE = Automatic;
				CURRENT_PROJECT_VERSION = 1;
				DEVELOPMENT_TEAM = KJ8DG56YFZ;
				GENERATE_INFOPLIST_FILE = YES;
				INFOPLIST_FILE = ImmiCan/Info.plist;
				INFOPLIST_KEY_NSCameraUsageDescription = "This app will use camera";
				INFOPLIST_KEY_NSPhotoLibraryUsageDescription = "You can select photos";
				INFOPLIST_KEY_UIApplicationSupportsIndirectInputEvents = YES;
				INFOPLIST_KEY_UILaunchStoryboardName = LaunchScreen;
				INFOPLIST_KEY_UIMainStoryboardFile = Main;
				INFOPLIST_KEY_UISupportedInterfaceOrientations = "UIInterfaceOrientationLandscapeLeft UIInterfaceOrientationLandscapeRight UIInterfaceOrientationPortrait";
				LD_RUNPATH_SEARCH_PATHS = (
					"$(inherited)",
					"@executable_path/Frameworks",
				);
				MARKETING_VERSION = 5.0;
				PRODUCT_BUNDLE_IDENTIFIER = Saijal.ImmiCan;
				PRODUCT_NAME = "$(TARGET_NAME)";
				SWIFT_EMIT_LOC_STRINGS = YES;
				SWIFT_VERSION = 5.0;
				TARGETED_DEVICE_FAMILY = "1,2";
			};
			name = Debug;
		};
		04BE9CEC29567FEC0079FBA3 /* Release */ = {
			isa = XCBuildConfiguration;
			buildSettings = {
				ASSETCATALOG_COMPILER_APPICON_NAME = AppIcon;
				ASSETCATALOG_COMPILER_GLOBAL_ACCENT_COLOR_NAME = AccentColor;
				CODE_SIGN_ENTITLEMENTS = ImmiCan/ImmiCan.entitlements;
				CODE_SIGN_STYLE = Automatic;
				CURRENT_PROJECT_VERSION = 1;
				DEVELOPMENT_TEAM = KJ8DG56YFZ;
				GENERATE_INFOPLIST_FILE = YES;
				INFOPLIST_FILE = ImmiCan/Info.plist;
				INFOPLIST_KEY_NSCameraUsageDescription = "This app will use camera";
				INFOPLIST_KEY_NSPhotoLibraryUsageDescription = "You can select photos";
				INFOPLIST_KEY_UIApplicationSupportsIndirectInputEvents = YES;
				INFOPLIST_KEY_UILaunchStoryboardName = LaunchScreen;
				INFOPLIST_KEY_UIMainStoryboardFile = Main;
				INFOPLIST_KEY_UISupportedInterfaceOrientations = "UIInterfaceOrientationLandscapeLeft UIInterfaceOrientationLandscapeRight UIInterfaceOrientationPortrait";
				LD_RUNPATH_SEARCH_PATHS = (
					"$(inherited)",
					"@executable_path/Frameworks",
				);
				MARKETING_VERSION = 5.0;
				PRODUCT_BUNDLE_IDENTIFIER = Saijal.ImmiCan;
				PRODUCT_NAME = "$(TARGET_NAME)";
				SWIFT_EMIT_LOC_STRINGS = YES;
				SWIFT_VERSION = 5.0;
				TARGETED_DEVICE_FAMILY = "1,2";
			};
			name = Release;
		};
/* End XCBuildConfiguration section */

/* Begin XCConfigurationList section */
		04BE9CD129567FEB0079FBA3 /* Build configuration list for PBXProject "ImmiCan" */ = {
			isa = XCConfigurationList;
			buildConfigurations = (
				04BE9CE829567FEC0079FBA3 /* Debug */,
				04BE9CE929567FEC0079FBA3 /* Release */,
			);
			defaultConfigurationIsVisible = 0;
			defaultConfigurationName = Release;
		};
		04BE9CEA29567FEC0079FBA3 /* Build configuration list for PBXNativeTarget "ImmiCan" */ = {
			isa = XCConfigurationList;
			buildConfigurations = (
				04BE9CEB29567FEC0079FBA3 /* Debug */,
				04BE9CEC29567FEC0079FBA3 /* Release */,
			);
			defaultConfigurationIsVisible = 0;
			defaultConfigurationName = Release;
		};
/* End XCConfigurationList section */

/* Begin XCRemoteSwiftPackageReference section */
		044304612A00AACA00D0E7CE /* XCRemoteSwiftPackageReference "facebook-ios-sdk" */ = {
			isa = XCRemoteSwiftPackageReference;
			repositoryURL = "https://github.com/facebook/facebook-ios-sdk";
			requirement = {
				kind = upToNextMajorVersion;
				minimumVersion = 9.0.0;
			};
		};
		0496FA1D2A0DF94A00D09319 /* XCRemoteSwiftPackageReference "GoogleSignIn-iOS" */ = {
			isa = XCRemoteSwiftPackageReference;
			repositoryURL = "https://github.com/google/GoogleSignIn-iOS";
			requirement = {
				kind = upToNextMajorVersion;
				minimumVersion = 7.0.0;
			};
		};
		FB8DB7B629EF8F9A008B4DCC /* XCRemoteSwiftPackageReference "SDWebImage" */ = {
			isa = XCRemoteSwiftPackageReference;
			repositoryURL = "https://github.com/SDWebImage/SDWebImage.git";
			requirement = {
				kind = upToNextMajorVersion;
				minimumVersion = 5.0.0;
			};
		};
		FB9A4A7629EF5A09004E76A5 /* XCRemoteSwiftPackageReference "firebase-ios-sdk" */ = {
			isa = XCRemoteSwiftPackageReference;
			repositoryURL = "https://github.com/firebase/firebase-ios-sdk";
			requirement = {
				kind = upToNextMajorVersion;
				minimumVersion = 9.0.0;
			};
		};
		FB9A4A8B29EF696E004E76A5 /* XCRemoteSwiftPackageReference "MessageKit" */ = {
			isa = XCRemoteSwiftPackageReference;
			repositoryURL = "https://github.com/MessageKit/MessageKit.git";
			requirement = {
				kind = upToNextMajorVersion;
				minimumVersion = 4.0.0;
			};
		};
/* End XCRemoteSwiftPackageReference section */

/* Begin XCSwiftPackageProductDependency section */
		044304622A00AACA00D0E7CE /* FacebookLogin */ = {
			isa = XCSwiftPackageProductDependency;
			package = 044304612A00AACA00D0E7CE /* XCRemoteSwiftPackageReference "facebook-ios-sdk" */;
			productName = FacebookLogin;
		};
		0496FA1E2A0DF94A00D09319 /* GoogleSignIn */ = {
			isa = XCSwiftPackageProductDependency;
			package = 0496FA1D2A0DF94A00D09319 /* XCRemoteSwiftPackageReference "GoogleSignIn-iOS" */;
			productName = GoogleSignIn;
		};
		FB8DB7B729EF8F9A008B4DCC /* SDWebImage */ = {
			isa = XCSwiftPackageProductDependency;
			package = FB8DB7B629EF8F9A008B4DCC /* XCRemoteSwiftPackageReference "SDWebImage" */;
			productName = SDWebImage;
		};
		FB8DB7B929EF8F9A008B4DCC /* SDWebImageMapKit */ = {
			isa = XCSwiftPackageProductDependency;
			package = FB8DB7B629EF8F9A008B4DCC /* XCRemoteSwiftPackageReference "SDWebImage" */;
			productName = SDWebImageMapKit;
		};
		FB9A4A7729EF5A09004E76A5 /* FirebaseAnalytics */ = {
			isa = XCSwiftPackageProductDependency;
			package = FB9A4A7629EF5A09004E76A5 /* XCRemoteSwiftPackageReference "firebase-ios-sdk" */;
			productName = FirebaseAnalytics;
		};
		FB9A4A7929EF5A09004E76A5 /* FirebaseAnalyticsSwift */ = {
			isa = XCSwiftPackageProductDependency;
			package = FB9A4A7629EF5A09004E76A5 /* XCRemoteSwiftPackageReference "firebase-ios-sdk" */;
			productName = FirebaseAnalyticsSwift;
		};
		FB9A4A7B29EF5A09004E76A5 /* FirebaseFirestore */ = {
			isa = XCSwiftPackageProductDependency;
			package = FB9A4A7629EF5A09004E76A5 /* XCRemoteSwiftPackageReference "firebase-ios-sdk" */;
			productName = FirebaseFirestore;
		};
		FB9A4A7E29EF5A87004E76A5 /* FirebaseAuth */ = {
			isa = XCSwiftPackageProductDependency;
			package = FB9A4A7629EF5A09004E76A5 /* XCRemoteSwiftPackageReference "firebase-ios-sdk" */;
			productName = FirebaseAuth;
		};
		FB9A4A8C29EF696E004E76A5 /* MessageKit */ = {
			isa = XCSwiftPackageProductDependency;
			package = FB9A4A8B29EF696E004E76A5 /* XCRemoteSwiftPackageReference "MessageKit" */;
			productName = MessageKit;
		};
/* End XCSwiftPackageProductDependency section */
	};
	rootObject = 04BE9CCE29567FEB0079FBA3 /* Project object */;
}
